
Microsoft Visual Studio Solution File, Format Version 12.00
# Visual Studio Version 17
VisualStudioVersion = 17.8.34316.72
MinimumVisualStudioVersion = 10.0.40219.1
Project("{FAE04EC0-301F-11D3-BF4B-00C04F79EFBC}") = "Labirinto", "Labirinto\Labirinto.csproj", "{3C00CFAC-3AC8-4466-BADB-A49C6B67D38D}"
EndProject
Global
	GlobalSection(SolutionConfigurationPlatforms) = preSolution
		Debug|Any CPU = Debug|Any CPU
		Release|Any CPU = Release|Any CPU
	EndGlobalSection
	GlobalSection(ProjectConfigurationPlatforms) = postSolution
		{3C00CFAC-3AC8-4466-BADB-A49C6B67D38D}.Debug|Any CPU.ActiveCfg = Debug|Any CPU
		{3C00CFAC-3AC8-4466-BADB-A49C6B67D38D}.Debug|Any CPU.Build.0 = Debug|Any CPU
		{3C00CFAC-3AC8-4466-BADB-A49C6B67D38D}.Release|Any CPU.ActiveCfg = Release|Any CPU
		{3C00CFAC-3AC8-4466-BADB-A49C6B67D38D}.Release|Any CPU.Build.0 = Release|Any CPU
	EndGlobalSection
	GlobalSection(SolutionProperties) = preSolution
		HideSolutionNode = FALSE
	EndGlobalSection
	GlobalSection(ExtensibilityGlobals) = postSolution
		SolutionGuid = {04DB3811-A405-4B03-8B7F-A672D2D7FF9E}
	EndGlobalSection
EndGlobal
